
Microsoft Visual Studio Solution File, Format Version 12.00
# Visual Studio Version 17
VisualStudioVersion = 17.3.32929.385
MinimumVisualStudioVersion = 10.0.40219.1
Project("{9A19103F-16F7-4668-BE54-9A1E7A4F7556}") = "ATMApp", "ATMApp.csproj", "{70FA4F0A-60D2-452C-BD71-912A9BE59373}"
EndProject
Project("{FAE04EC0-301F-11D3-BF4B-00C04F79EFBC}") = "ATMAppTests", "..\ATMAppTests\ATMAppTests.csproj", "{C7EA77B6-9989-42AC-B9E6-4481F9ABF1A0}"
EndProject
Global
	GlobalSection(SolutionConfigurationPlatforms) = preSolution
		Debug|Any CPU = Debug|Any CPU
		Release|Any CPU = Release|Any CPU
	EndGlobalSection
	GlobalSection(ProjectConfigurationPlatforms) = postSolution
		{70FA4F0A-60D2-452C-BD71-912A9BE59373}.Debug|Any CPU.ActiveCfg = Debug|Any CPU
		{70FA4F0A-60D2-452C-BD71-912A9BE59373}.Debug|Any CPU.Build.0 = Debug|Any CPU
		{70FA4F0A-60D2-452C-BD71-912A9BE59373}.Release|Any CPU.ActiveCfg = Release|Any CPU
		{70FA4F0A-60D2-452C-BD71-912A9BE59373}.Release|Any CPU.Build.0 = Release|Any CPU
		{C7EA77B6-9989-42AC-B9E6-4481F9ABF1A0}.Debug|Any CPU.ActiveCfg = Debug|Any CPU
		{C7EA77B6-9989-42AC-B9E6-4481F9ABF1A0}.Debug|Any CPU.Build.0 = Debug|Any CPU
		{C7EA77B6-9989-42AC-B9E6-4481F9ABF1A0}.Release|Any CPU.ActiveCfg = Release|Any CPU
		{C7EA77B6-9989-42AC-B9E6-4481F9ABF1A0}.Release|Any CPU.Build.0 = Release|Any CPU
	EndGlobalSection
	GlobalSection(SolutionProperties) = preSolution
		HideSolutionNode = FALSE
	EndGlobalSection
	GlobalSection(ExtensibilityGlobals) = postSolution
		SolutionGuid = {65F94043-918D-4D6F-A53C-607B2177B372}
	EndGlobalSection
EndGlobal
